// !$*UTF8*$!
{
	archiveVersion = 1;
	classes = {
	};
	objectVersion = 56;
	objects = {

/* Begin PBXBuildFile section */
		D2508B4D2AD52851000C36D0 /* ContentView.swift in Sources */ = {isa = PBXBuildFile; fileRef = D2508B4C2AD52851000C36D0 /* ContentView.swift */; };
		D2508B522AD52855000C36D0 /* Preview Assets.xcassets in Resources */ = {isa = PBXBuildFile; fileRef = D2508B512AD52855000C36D0 /* Preview Assets.xcassets */; };
		D2508B652AD52DED000C36D0 /* ictinfo.swift in Sources */ = {isa = PBXBuildFile; fileRef = D2508B642AD52DED000C36D0 /* ictinfo.swift */; };
		D2A265E22AD6C5890069D0F6 /* lists.swift in Sources */ = {isa = PBXBuildFile; fileRef = D2A265E12AD6C5890069D0F6 /* lists.swift */; };
		D2B1F8A62AD5B9DA0038A506 /* Assets.xcassets in Resources */ = {isa = PBXBuildFile; fileRef = D2B1F8A52AD5B9DA0038A506 /* Assets.xcassets */; };
		D2B1F8A82AD692F80038A506 /* batteryinfo.swift in Sources */ = {isa = PBXBuildFile; fileRef = D2B1F8A72AD692F80038A506 /* batteryinfo.swift */; };
		D2B1F8AA2AD6A8450038A506 /* batteryandbulbinfo.swift in Sources */ = {isa = PBXBuildFile; fileRef = D2B1F8A92AD6A8450038A506 /* batteryandbulbinfo.swift */; };
		E9BA92C62AD6DA45007D920B /* ewasteApp.swift in Sources */ = {isa = PBXBuildFile; fileRef = E9BA92C52AD6DA44007D920B /* ewasteApp.swift */; };
/* End PBXBuildFile section */

/* Begin PBXFileReference section */
		D2508B472AD52851000C36D0 /* ewaste.app */ = {isa = PBXFileReference; explicitFileType = wrapper.application; includeInIndex = 0; path = ewaste.app; sourceTree = BUILT_PRODUCTS_DIR; };
		D2508B4C2AD52851000C36D0 /* ContentView.swift */ = {isa = PBXFileReference; lastKnownFileType = sourcecode.swift; path = ContentView.swift; sourceTree = "<group>"; };
		D2508B512AD52855000C36D0 /* Preview Assets.xcassets */ = {isa = PBXFileReference; lastKnownFileType = folder.assetcatalog; path = "Preview Assets.xcassets"; sourceTree = "<group>"; };
		D2508B642AD52DED000C36D0 /* ictinfo.swift */ = {isa = PBXFileReference; lastKnownFileType = sourcecode.swift; path = ictinfo.swift; sourceTree = "<group>"; };
		D2A265E12AD6C5890069D0F6 /* lists.swift */ = {isa = PBXFileReference; lastKnownFileType = sourcecode.swift; path = lists.swift; sourceTree = "<group>"; };
		D2B1F8A52AD5B9DA0038A506 /* Assets.xcassets */ = {isa = PBXFileReference; lastKnownFileType = folder.assetcatalog; path = Assets.xcassets; sourceTree = "<group>"; };
		D2B1F8A72AD692F80038A506 /* batteryinfo.swift */ = {isa = PBXFileReference; lastKnownFileType = sourcecode.swift; path = batteryinfo.swift; sourceTree = "<group>"; };
		D2B1F8A92AD6A8450038A506 /* batteryandbulbinfo.swift */ = {isa = PBXFileReference; lastKnownFileType = sourcecode.swift; path = batteryandbulbinfo.swift; sourceTree = "<group>"; };
		E9BA92C52AD6DA44007D920B /* ewasteApp.swift */ = {isa = PBXFileReference; fileEncoding = 4; lastKnownFileType = sourcecode.swift; name = ewasteApp.swift; path = ../../../../.Trash/ewasteApp.swift; sourceTree = "<group>"; };
/* End PBXFileReference section */

/* Begin PBXFrameworksBuildPhase section */
		D2508B442AD52851000C36D0 /* Frameworks */ = {
			isa = PBXFrameworksBuildPhase;
			buildActionMask = 2147483647;
			files = (
			);
			runOnlyForDeploymentPostprocessing = 0;
		};
/* End PBXFrameworksBuildPhase section */

/* Begin PBXGroup section */
		D2508B3E2AD52851000C36D0 = {
			isa = PBXGroup;
			children = (
				D2A265E12AD6C5890069D0F6 /* lists.swift */,
				D2508B492AD52851000C36D0 /* ewaste */,
				D2508B482AD52851000C36D0 /* Products */,
			);
			sourceTree = "<group>";
		};
		D2508B482AD52851000C36D0 /* Products */ = {
			isa = PBXGroup;
			children = (
				D2508B472AD52851000C36D0 /* ewaste.app */,
			);
			name = Products;
			sourceTree = "<group>";
		};
		D2508B492AD52851000C36D0 /* ewaste */ = {
			isa = PBXGroup;
			children = (
				D2508B642AD52DED000C36D0 /* ictinfo.swift */,
				D2B1F8A92AD6A8450038A506 /* batteryandbulbinfo.swift */,
				D2B1F8A72AD692F80038A506 /* batteryinfo.swift */,
				E9BA92C52AD6DA44007D920B /* ewasteApp.swift */,
				D2508B4C2AD52851000C36D0 /* ContentView.swift */,
				D2B1F8A52AD5B9DA0038A506 /* Assets.xcassets */,
				D2508B502AD52855000C36D0 /* Preview Content */,
			);
			path = ewaste;
			sourceTree = "<group>";
		};
		D2508B502AD52855000C36D0 /* Preview Content */ = {
			isa = PBXGroup;
			children = (
				D2508B512AD52855000C36D0 /* Preview Assets.xcassets */,
			);
			path = "Preview Content";
			sourceTree = "<group>";
		};
/* End PBXGroup section */

/* Begin PBXNativeTarget section */
		D2508B462AD52851000C36D0 /* ewaste */ = {
			isa = PBXNativeTarget;
			buildConfigurationList = D2508B552AD52855000C36D0 /* Build configuration list for PBXNativeTarget "ewaste" */;
			buildPhases = (
				D2508B432AD52851000C36D0 /* Sources */,
				D2508B442AD52851000C36D0 /* Frameworks */,
				D2508B452AD52851000C36D0 /* Resources */,
			);
			buildRules = (
			);
			dependencies = (
			);
			name = ewaste;
			productName = ewaste;
			productReference = D2508B472AD52851000C36D0 /* ewaste.app */;
			productType = "com.apple.product-type.application";
		};
/* End PBXNativeTarget section */

/* Begin PBXProject section */
		D2508B3F2AD52851000C36D0 /* Project object */ = {
			isa = PBXProject;
			attributes = {
				BuildIndependentTargetsInParallel = 1;
				LastSwiftUpdateCheck = 1430;
				LastUpgradeCheck = 1500;
				TargetAttributes = {
					D2508B462AD52851000C36D0 = {
						CreatedOnToolsVersion = 14.3.1;
					};
				};
			};
			buildConfigurationList = D2508B422AD52851000C36D0 /* Build configuration list for PBXProject "ewaste" */;
			compatibilityVersion = "Xcode 14.0";
			developmentRegion = en;
			hasScannedForEncodings = 0;
			knownRegions = (
				en,
				Base,
			);
			mainGroup = D2508B3E2AD52851000C36D0;
			productRefGroup = D2508B482AD52851000C36D0 /* Products */;
			projectDirPath = "";
			projectRoot = "";
			targets = (
				D2508B462AD52851000C36D0 /* ewaste */,
			);
		};
/* End PBXProject section */

/* Begin PBXResourcesBuildPhase section */
		D2508B452AD52851000C36D0 /* Resources */ = {
			isa = PBXResourcesBuildPhase;
			buildActionMask = 2147483647;
			files = (
				D2B1F8A62AD5B9DA0038A506 /* Assets.xcassets in Resources */,
				D2508B522AD52855000C36D0 /* Preview Assets.xcassets in Resources */,
			);
			runOnlyForDeploymentPostprocessing = 0;
		};
/* End PBXResourcesBuildPhase section */

/* Begin PBXSourcesBuildPhase section */
		D2508B432AD52851000C36D0 /* Sources */ = {
			isa = PBXSourcesBuildPhase;
			buildActionMask = 2147483647;
			files = (
				E9BA92C62AD6DA45007D920B /* ewasteApp.swift in Sources */,
				D2B1F8A82AD692F80038A506 /* batteryinfo.swift in Sources */,
				D2508B4D2AD52851000C36D0 /* ContentView.swift in Sources */,
				D2B1F8AA2AD6A8450038A506 /* batteryandbulbinfo.swift in Sources */,
				D2508B652AD52DED000C36D0 /* ictinfo.swift in Sources */,
				D2A265E22AD6C5890069D0F6 /* lists.swift in Sources */,
			);
			runOnlyForDeploymentPostprocessing = 0;
		};
/* End PBXSourcesBuildPhase section */

/* Begin XCBuildConfiguration section */
		D2508B532AD52855000C36D0 /* Debug */ = {
			isa = XCBuildConfiguration;
			buildSettings = {
				ALWAYS_SEARCH_USER_PATHS = NO;
				CLANG_ANALYZER_NONNULL = YES;
				CLANG_ANALYZER_NUMBER_OBJECT_CONVERSION = YES_AGGRESSIVE;
				CLANG_CXX_LANGUAGE_STANDARD = "gnu++20";
				CLANG_ENABLE_MODULES = YES;
				CLANG_ENABLE_OBJC_ARC = YES;
				CLANG_ENABLE_OBJC_WEAK = YES;
				CLANG_WARN_BLOCK_CAPTURE_AUTORELEASING = YES;
				CLANG_WARN_BOOL_CONVERSION = YES;
				CLANG_WARN_COMMA = YES;
				CLANG_WARN_CONSTANT_CONVERSION = YES;
				CLANG_WARN_DEPRECATED_OBJC_IMPLEMENTATIONS = YES;
				CLANG_WARN_DIRECT_OBJC_ISA_USAGE = YES_ERROR;
				CLANG_WARN_DOCUMENTATION_COMMENTS = YES;
				CLANG_WARN_EMPTY_BODY = YES;
				CLANG_WARN_ENUM_CONVERSION = YES;
				CLANG_WARN_INFINITE_RECURSION = YES;
				CLANG_WARN_INT_CONVERSION = YES;
				CLANG_WARN_NON_LITERAL_NULL_CONVERSION = YES;
				CLANG_WARN_OBJC_IMPLICIT_RETAIN_SELF = YES;
				CLANG_WARN_OBJC_LITERAL_CONVERSION = YES;
				CLANG_WARN_OBJC_ROOT_CLASS = YES_ERROR;
				CLANG_WARN_QUOTED_INCLUDE_IN_FRAMEWORK_HEADER = YES;
				CLANG_WARN_RANGE_LOOP_ANALYSIS = YES;
				CLANG_WARN_STRICT_PROTOTYPES = YES;
				CLANG_WARN_SUSPICIOUS_MOVE = YES;
				CLANG_WARN_UNGUARDED_AVAILABILITY = YES_AGGRESSIVE;
				CLANG_WARN_UNREACHABLE_CODE = YES;
				CLANG_WARN__DUPLICATE_METHOD_MATCH = YES;
				COPY_PHASE_STRIP = NO;
				DEBUG_INFORMATION_FORMAT = dwarf;
				ENABLE_STRICT_OBJC_MSGSEND = YES;
				ENABLE_TESTABILITY = YES;
				ENABLE_USER_SCRIPT_SANDBOXING = YES;
				GCC_C_LANGUAGE_STANDARD = gnu11;
				GCC_DYNAMIC_NO_PIC = NO;
				GCC_NO_COMMON_BLOCKS = YES;
				GCC_OPTIMIZATION_LEVEL = 0;
				GCC_PREPROCESSOR_DEFINITIONS = (
					"DEBUG=1",
					"$(inherited)",
				);
				GCC_WARN_64_TO_32_BIT_CONVERSION = YES;
				GCC_WARN_ABOUT_RETURN_TYPE = YES_ERROR;
				GCC_WARN_UNDECLARED_SELECTOR = YES;
				GCC_WARN_UNINITIALIZED_AUTOS = YES_AGGRESSIVE;
				GCC_WARN_UNUSED_FUNCTION = YES;
				GCC_WARN_UNUSED_VARIABLE = YES;
				IPHONEOS_DEPLOYMENT_TARGET = 16.4;
				MTL_ENABLE_DEBUG_INFO = INCLUDE_SOURCE;
				MTL_FAST_MATH = YES;
				ONLY_ACTIVE_ARCH = YES;
				SDKROOT = iphoneos;
				SWIFT_ACTIVE_COMPILATION_CONDITIONS = DEBUG;
				SWIFT_OPTIMIZATION_LEVEL = "-Onone";
			};
			name = Debug;
		};
		D2508B542AD52855000C36D0 /* Release */ = {
			isa = XCBuildConfiguration;
			buildSettings = {
				ALWAYS_SEARCH_USER_PATHS = NO;
				CLANG_ANALYZER_NONNULL = YES;
				CLANG_ANALYZER_NUMBER_OBJECT_CONVERSION = YES_AGGRESSIVE;
				CLANG_CXX_LANGUAGE_STANDARD = "gnu++20";
				CLANG_ENABLE_MODULES = YES;
				CLANG_ENABLE_OBJC_ARC = YES;
				CLANG_ENABLE_OBJC_WEAK = YES;
				CLANG_WARN_BLOCK_CAPTURE_AUTORELEASING = YES;
				CLANG_WARN_BOOL_CONVERSION = YES;
				CLANG_WARN_COMMA = YES;
				CLANG_WARN_CONSTANT_CONVERSION = YES;
				CLANG_WARN_DEPRECATED_OBJC_IMPLEMENTATIONS = YES;
				CLANG_WARN_DIRECT_OBJC_ISA_USAGE = YES_ERROR;
				CLANG_WARN_DOCUMENTATION_COMMENTS = YES;
				CLANG_WARN_EMPTY_BODY = YES;
				CLANG_WARN_ENUM_CONVERSION = YES;
				CLANG_WARN_INFINITE_RECURSION = YES;
				CLANG_WARN_INT_CONVERSION = YES;
				CLANG_WARN_NON_LITERAL_NULL_CONVERSION = YES;
				CLANG_WARN_OBJC_IMPLICIT_RETAIN_SELF = YES;
				CLANG_WARN_OBJC_LITERAL_CONVERSION = YES;
				CLANG_WARN_OBJC_ROOT_CLASS = YES_ERROR;
				CLANG_WARN_QUOTED_INCLUDE_IN_FRAMEWORK_HEADER = YES;
				CLANG_WARN_RANGE_LOOP_ANALYSIS = YES;
				CLANG_WARN_STRICT_PROTOTYPES = YES;
				CLANG_WARN_SUSPICIOUS_MOVE = YES;
				CLANG_WARN_UNGUARDED_AVAILABILITY = YES_AGGRESSIVE;
				CLANG_WARN_UNREACHABLE_CODE = YES;
				CLANG_WARN__DUPLICATE_METHOD_MATCH = YES;
				COPY_PHASE_STRIP = NO;
				DEBUG_INFORMATION_FORMAT = "dwarf-with-dsym";
				ENABLE_NS_ASSERTIONS = NO;
				ENABLE_STRICT_OBJC_MSGSEND = YES;
				ENABLE_USER_SCRIPT_SANDBOXING = YES;
				GCC_C_LANGUAGE_STANDARD = gnu11;
				GCC_NO_COMMON_BLOCKS = YES;
				GCC_WARN_64_TO_32_BIT_CONVERSION = YES;
				GCC_WARN_ABOUT_RETURN_TYPE = YES_ERROR;
				GCC_WARN_UNDECLARED_SELECTOR = YES;
				GCC_WARN_UNINITIALIZED_AUTOS = YES_AGGRESSIVE;
				GCC_WARN_UNUSED_FUNCTION = YES;
				GCC_WARN_UNUSED_VARIABLE = YES;
				IPHONEOS_DEPLOYMENT_TARGET = 16.4;
				MTL_ENABLE_DEBUG_INFO = NO;
				MTL_FAST_MATH = YES;
				SDKROOT = iphoneos;
				SWIFT_COMPILATION_MODE = wholemodule;
				SWIFT_OPTIMIZATION_LEVEL = "-O";
				VALIDATE_PRODUCT = YES;
			};
			name = Release;
		};
		D2508B562AD52855000C36D0 /* Debug */ = {
			isa = XCBuildConfiguration;
			buildSettings = {
				ASSETCATALOG_COMPILER_APPICON_NAME = AppIcon;
				ASSETCATALOG_COMPILER_GLOBAL_ACCENT_COLOR_NAME = AccentColor;
				CODE_SIGN_STYLE = Automatic;
				CURRENT_PROJECT_VERSION = 1;
				DEVELOPMENT_ASSET_PATHS = "\"ewaste/Preview Content\"";
				ENABLE_PREVIEWS = YES;
				GENERATE_INFOPLIST_FILE = YES;
				INFOPLIST_KEY_UIApplicationSceneManifest_Generation = YES;
				INFOPLIST_KEY_UIApplicationSupportsIndirectInputEvents = YES;
				INFOPLIST_KEY_UILaunchScreen_Generation = YES;
				INFOPLIST_KEY_UISupportedInterfaceOrientations_iPad = "UIInterfaceOrientationPortrait UIInterfaceOrientationPortraitUpsideDown UIInterfaceOrientationLandscapeLeft UIInterfaceOrientationLandscapeRight";
				INFOPLIST_KEY_UISupportedInterfaceOrientations_iPhone = "UIInterfaceOrientationPortrait UIInterfaceOrientationLandscapeLeft UIInterfaceOrientationLandscapeRight";
				LD_RUNPATH_SEARCH_PATHS = (
					"$(inherited)",
					"@executable_path/Frameworks",
				);
				MARKETING_VERSION = 1.0;
				PRODUCT_BUNDLE_IDENTIFIER = com.example.ewaste;
				PRODUCT_NAME = "$(TARGET_NAME)";
				SWIFT_EMIT_LOC_STRINGS = YES;
				SWIFT_VERSION = 5.0;
				TARGETED_DEVICE_FAMILY = "1,2";
			};
			name = Debug;
		};
		D2508B572AD52855000C36D0 /* Release */ = {
			isa = XCBuildConfiguration;
			buildSettings = {
				ASSETCATALOG_COMPILER_APPICON_NAME = AppIcon;
				ASSETCATALOG_COMPILER_GLOBAL_ACCENT_COLOR_NAME = AccentColor;
				CODE_SIGN_STYLE = Automatic;
				CURRENT_PROJECT_VERSION = 1;
				DEVELOPMENT_ASSET_PATHS = "\"ewaste/Preview Content\"";
				ENABLE_PREVIEWS = YES;
				GENERATE_INFOPLIST_FILE = YES;
				INFOPLIST_KEY_UIApplicationSceneManifest_Generation = YES;
				INFOPLIST_KEY_UIApplicationSupportsIndirectInputEvents = YES;
				INFOPLIST_KEY_UILaunchScreen_Generation = YES;
				INFOPLIST_KEY_UISupportedInterfaceOrientations_iPad = "UIInterfaceOrientationPortrait UIInterfaceOrientationPortraitUpsideDown UIInterfaceOrientationLandscapeLeft UIInterfaceOrientationLandscapeRight";
				INFOPLIST_KEY_UISupportedInterfaceOrientations_iPhone = "UIInterfaceOrientationPortrait UIInterfaceOrientationLandscapeLeft UIInterfaceOrientationLandscapeRight";
				LD_RUNPATH_SEARCH_PATHS = (
					"$(inherited)",
					"@executable_path/Frameworks",
				);
				MARKETING_VERSION = 1.0;
				PRODUCT_BUNDLE_IDENTIFIER = com.example.ewaste;
				PRODUCT_NAME = "$(TARGET_NAME)";
				SWIFT_EMIT_LOC_STRINGS = YES;
				SWIFT_VERSION = 5.0;
				TARGETED_DEVICE_FAMILY = "1,2";
			};
			name = Release;
		};
/* End XCBuildConfiguration section */

/* Begin XCConfigurationList section */
		D2508B422AD52851000C36D0 /* Build configuration list for PBXProject "ewaste" */ = {
			isa = XCConfigurationList;
			buildConfigurations = (
				D2508B532AD52855000C36D0 /* Debug */,
				D2508B542AD52855000C36D0 /* Release */,
			);
			defaultConfigurationIsVisible = 0;
			defaultConfigurationName = Release;
		};
		D2508B552AD52855000C36D0 /* Build configuration list for PBXNativeTarget "ewaste" */ = {
			isa = XCConfigurationList;
			buildConfigurations = (
				D2508B562AD52855000C36D0 /* Debug */,
				D2508B572AD52855000C36D0 /* Release */,
			);
			defaultConfigurationIsVisible = 0;
			defaultConfigurationName = Release;
		};
/* End XCConfigurationList section */
	};
	rootObject = D2508B3F2AD52851000C36D0 /* Project object */;
}
